
Microsoft Visual Studio Solution File, Format Version 12.00
# Visual Studio Version 16
VisualStudioVersion = 16.0.29806.167
MinimumVisualStudioVersion = 10.0.40219.1
Project("{FAE04EC0-301F-11D3-BF4B-00C04F79EFBC}") = "ResizableBorderlessSample", "ResizableBorderless\ResizableBorderlessSample.csproj", "{F36A4CBC-BA05-4C59-BA3C-35ED3C72A04D}"
EndProject
Project("{FAE04EC0-301F-11D3-BF4B-00C04F79EFBC}") = "ResizableBorderlessLib", "ResizableBorderlessLib\ResizableBorderlessLib.csproj", "{DA71FDF8-82E7-4170-86CD-3AF5EA79109B}"
EndProject
Global
	GlobalSection(SolutionConfigurationPlatforms) = preSolution
		Debug|Any CPU = Debug|Any CPU
		Release|Any CPU = Release|Any CPU
	EndGlobalSection
	GlobalSection(ProjectConfigurationPlatforms) = postSolution
		{F36A4CBC-BA05-4C59-BA3C-35ED3C72A04D}.Debug|Any CPU.ActiveCfg = Debug|Any CPU
		{F36A4CBC-BA05-4C59-BA3C-35ED3C72A04D}.Debug|Any CPU.Build.0 = Debug|Any CPU
		{F36A4CBC-BA05-4C59-BA3C-35ED3C72A04D}.Release|Any CPU.ActiveCfg = Release|Any CPU
		{F36A4CBC-BA05-4C59-BA3C-35ED3C72A04D}.Release|Any CPU.Build.0 = Release|Any CPU
		{DA71FDF8-82E7-4170-86CD-3AF5EA79109B}.Debug|Any CPU.ActiveCfg = Debug|Any CPU
		{DA71FDF8-82E7-4170-86CD-3AF5EA79109B}.Debug|Any CPU.Build.0 = Debug|Any CPU
		{DA71FDF8-82E7-4170-86CD-3AF5EA79109B}.Release|Any CPU.ActiveCfg = Release|Any CPU
		{DA71FDF8-82E7-4170-86CD-3AF5EA79109B}.Release|Any CPU.Build.0 = Release|Any CPU
	EndGlobalSection
	GlobalSection(SolutionProperties) = preSolution
		HideSolutionNode = FALSE
	EndGlobalSection
	GlobalSection(ExtensibilityGlobals) = postSolution
		SolutionGuid = {32B27DF9-172B-49DE-B09D-5A193E22782B}
	EndGlobalSection
EndGlobal
